// !$*UTF8*$!
{
	archiveVersion = 1;
	classes = {
	};
	objectVersion = 50;
	objects = {

/* Begin PBXBuildFile section */
		6C6C323525B950CF00337AC0 /* AppDelegate.swift in Sources */ = {isa = PBXBuildFile; fileRef = 6C6C323425B950CF00337AC0 /* AppDelegate.swift */; };
		6C6C323725B950CF00337AC0 /* SceneDelegate.swift in Sources */ = {isa = PBXBuildFile; fileRef = 6C6C323625B950CF00337AC0 /* SceneDelegate.swift */; };
		6C6C323925B950CF00337AC0 /* ViewController.swift in Sources */ = {isa = PBXBuildFile; fileRef = 6C6C323825B950CF00337AC0 /* ViewController.swift */; };
		6C6C323C25B950CF00337AC0 /* Main.storyboard in Resources */ = {isa = PBXBuildFile; fileRef = 6C6C323A25B950CF00337AC0 /* Main.storyboard */; };
		6C6C323E25B950D100337AC0 /* Assets.xcassets in Resources */ = {isa = PBXBuildFile; fileRef = 6C6C323D25B950D100337AC0 /* Assets.xcassets */; };
		6C6C324125B950D100337AC0 /* LaunchScreen.storyboard in Resources */ = {isa = PBXBuildFile; fileRef = 6C6C323F25B950D100337AC0 /* LaunchScreen.storyboard */; };
		6C6C324B25B9515700337AC0 /* about.html in Resources */ = {isa = PBXBuildFile; fileRef = 6C6C324925B9515700337AC0 /* about.html */; };
		6C6C324C25B9515700337AC0 /* logo.jpg in Resources */ = {isa = PBXBuildFile; fileRef = 6C6C324A25B9515700337AC0 /* logo.jpg */; };
		6C6C324F25B9544900337AC0 /* DataController.swift in Sources */ = {isa = PBXBuildFile; fileRef = 6C6C324E25B9544900337AC0 /* DataController.swift */; };
		6C6C325225B958BF00337AC0 /* ViewControllerResult.swift in Sources */ = {isa = PBXBuildFile; fileRef = 6C6C325125B958BF00337AC0 /* ViewControllerResult.swift */; };
		6C6C325625B958DA00337AC0 /* ViewControllerAbout.swift in Sources */ = {isa = PBXBuildFile; fileRef = 6C6C325525B958DA00337AC0 /* ViewControllerAbout.swift */; };
		6C6C325B25B959AF00337AC0 /* WebKit.framework in Frameworks */ = {isa = PBXBuildFile; fileRef = 6C6C325925B959AF00337AC0 /* WebKit.framework */; };
		6C6C325C25B959AF00337AC0 /* WebKit.framework in Frameworks */ = {isa = PBXBuildFile; fileRef = 6C6C325A25B959AF00337AC0 /* WebKit.framework */; };
/* End PBXBuildFile section */

/* Begin PBXFileReference section */
		6C6C323125B950CF00337AC0 /* ProblemStatement.app */ = {isa = PBXFileReference; explicitFileType = wrapper.application; includeInIndex = 0; path = ProblemStatement.app; sourceTree = BUILT_PRODUCTS_DIR; };
		6C6C323425B950CF00337AC0 /* AppDelegate.swift */ = {isa = PBXFileReference; lastKnownFileType = sourcecode.swift; path = AppDelegate.swift; sourceTree = "<group>"; };
		6C6C323625B950CF00337AC0 /* SceneDelegate.swift */ = {isa = PBXFileReference; lastKnownFileType = sourcecode.swift; path = SceneDelegate.swift; sourceTree = "<group>"; };
		6C6C323825B950CF00337AC0 /* ViewController.swift */ = {isa = PBXFileReference; lastKnownFileType = sourcecode.swift; path = ViewController.swift; sourceTree = "<group>"; };
		6C6C323B25B950CF00337AC0 /* Base */ = {isa = PBXFileReference; lastKnownFileType = file.storyboard; name = Base; path = Base.lproj/Main.storyboard; sourceTree = "<group>"; };
		6C6C323D25B950D100337AC0 /* Assets.xcassets */ = {isa = PBXFileReference; lastKnownFileType = folder.assetcatalog; path = Assets.xcassets; sourceTree = "<group>"; };
		6C6C324025B950D100337AC0 /* Base */ = {isa = PBXFileReference; lastKnownFileType = file.storyboard; name = Base; path = Base.lproj/LaunchScreen.storyboard; sourceTree = "<group>"; };
		6C6C324225B950D100337AC0 /* Info.plist */ = {isa = PBXFileReference; lastKnownFileType = text.plist.xml; path = Info.plist; sourceTree = "<group>"; };
		6C6C324925B9515700337AC0 /* about.html */ = {isa = PBXFileReference; fileEncoding = 4; lastKnownFileType = text.html; path = about.html; sourceTree = "<group>"; };
		6C6C324A25B9515700337AC0 /* logo.jpg */ = {isa = PBXFileReference; lastKnownFileType = image.jpeg; path = logo.jpg; sourceTree = "<group>"; };
		6C6C324E25B9544900337AC0 /* DataController.swift */ = {isa = PBXFileReference; lastKnownFileType = sourcecode.swift; path = DataController.swift; sourceTree = "<group>"; };
		6C6C325125B958BF00337AC0 /* ViewControllerResult.swift */ = {isa = PBXFileReference; lastKnownFileType = sourcecode.swift; path = ViewControllerResult.swift; sourceTree = "<group>"; };
		6C6C325525B958DA00337AC0 /* ViewControllerAbout.swift */ = {isa = PBXFileReference; lastKnownFileType = sourcecode.swift; path = ViewControllerAbout.swift; sourceTree = "<group>"; };
		6C6C325925B959AF00337AC0 /* WebKit.framework */ = {isa = PBXFileReference; lastKnownFileType = wrapper.framework; name = WebKit.framework; path = System/Library/Frameworks/WebKit.framework; sourceTree = SDKROOT; };
		6C6C325A25B959AF00337AC0 /* WebKit.framework */ = {isa = PBXFileReference; lastKnownFileType = wrapper.framework; name = WebKit.framework; path = System/Library/PrivateFrameworks/WebKit.framework; sourceTree = SDKROOT; };
/* End PBXFileReference section */

/* Begin PBXFrameworksBuildPhase section */
		6C6C322E25B950CF00337AC0 /* Frameworks */ = {
			isa = PBXFrameworksBuildPhase;
			buildActionMask = 2147483647;
			files = (
				6C6C325C25B959AF00337AC0 /* WebKit.framework in Frameworks */,
				6C6C325B25B959AF00337AC0 /* WebKit.framework in Frameworks */,
			);
			runOnlyForDeploymentPostprocessing = 0;
		};
/* End PBXFrameworksBuildPhase section */

/* Begin PBXGroup section */
		6C6C322825B950CF00337AC0 = {
			isa = PBXGroup;
			children = (
				6C6C323325B950CF00337AC0 /* ProblemStatement */,
				6C6C323225B950CF00337AC0 /* Products */,
				6C6C325825B959AE00337AC0 /* Frameworks */,
			);
			sourceTree = "<group>";
		};
		6C6C323225B950CF00337AC0 /* Products */ = {
			isa = PBXGroup;
			children = (
				6C6C323125B950CF00337AC0 /* ProblemStatement.app */,
			);
			name = Products;
			sourceTree = "<group>";
		};
		6C6C323325B950CF00337AC0 /* ProblemStatement */ = {
			isa = PBXGroup;
			children = (
				6C6C324925B9515700337AC0 /* about.html */,
				6C6C324A25B9515700337AC0 /* logo.jpg */,
				6C6C323425B950CF00337AC0 /* AppDelegate.swift */,
				6C6C323625B950CF00337AC0 /* SceneDelegate.swift */,
				6C6C323825B950CF00337AC0 /* ViewController.swift */,
				6C6C323A25B950CF00337AC0 /* Main.storyboard */,
				6C6C323D25B950D100337AC0 /* Assets.xcassets */,
				6C6C323F25B950D100337AC0 /* LaunchScreen.storyboard */,
				6C6C324225B950D100337AC0 /* Info.plist */,
				6C6C324E25B9544900337AC0 /* DataController.swift */,
				6C6C325125B958BF00337AC0 /* ViewControllerResult.swift */,
				6C6C325525B958DA00337AC0 /* ViewControllerAbout.swift */,
			);
			path = ProblemStatement;
			sourceTree = "<group>";
		};
		6C6C325825B959AE00337AC0 /* Frameworks */ = {
			isa = PBXGroup;
			children = (
				6C6C325A25B959AF00337AC0 /* WebKit.framework */,
				6C6C325925B959AF00337AC0 /* WebKit.framework */,
			);
			name = Frameworks;
			sourceTree = "<group>";
		};
/* End PBXGroup section */

/* Begin PBXNativeTarget section */
		6C6C323025B950CF00337AC0 /* ProblemStatement */ = {
			isa = PBXNativeTarget;
			buildConfigurationList = 6C6C324525B950D100337AC0 /* Build configuration list for PBXNativeTarget "ProblemStatement" */;
			buildPhases = (
				6C6C322D25B950CF00337AC0 /* Sources */,
				6C6C322E25B950CF00337AC0 /* Frameworks */,
				6C6C322F25B950CF00337AC0 /* Resources */,
			);
			buildRules = (
			);
			dependencies = (
			);
			name = ProblemStatement;
			productName = ProblemStatement;
			productReference = 6C6C323125B950CF00337AC0 /* ProblemStatement.app */;
			productType = "com.apple.product-type.application";
		};
/* End PBXNativeTarget section */

/* Begin PBXProject section */
		6C6C322925B950CF00337AC0 /* Project object */ = {
			isa = PBXProject;
			attributes = {
				LastSwiftUpdateCheck = 1200;
				LastUpgradeCheck = 1200;
				TargetAttributes = {
					6C6C323025B950CF00337AC0 = {
						CreatedOnToolsVersion = 12.0;
					};
				};
			};
			buildConfigurationList = 6C6C322C25B950CF00337AC0 /* Build configuration list for PBXProject "ProblemStatement" */;
			compatibilityVersion = "Xcode 9.3";
			developmentRegion = en;
			hasScannedForEncodings = 0;
			knownRegions = (
				en,
				Base,
			);
			mainGroup = 6C6C322825B950CF00337AC0;
			productRefGroup = 6C6C323225B950CF00337AC0 /* Products */;
			projectDirPath = "";
			projectRoot = "";
			targets = (
				6C6C323025B950CF00337AC0 /* ProblemStatement */,
			);
		};
/* End PBXProject section */

/* Begin PBXResourcesBuildPhase section */
		6C6C322F25B950CF00337AC0 /* Resources */ = {
			isa = PBXResourcesBuildPhase;
			buildActionMask = 2147483647;
			files = (
				6C6C324B25B9515700337AC0 /* about.html in Resources */,
				6C6C324C25B9515700337AC0 /* logo.jpg in Resources */,
				6C6C324125B950D100337AC0 /* LaunchScreen.storyboard in Resources */,
				6C6C323E25B950D100337AC0 /* Assets.xcassets in Resources */,
				6C6C323C25B950CF00337AC0 /* Main.storyboard in Resources */,
			);
			runOnlyForDeploymentPostprocessing = 0;
		};
/* End PBXResourcesBuildPhase section */

/* Begin PBXSourcesBuildPhase section */
		6C6C322D25B950CF00337AC0 /* Sources */ = {
			isa = PBXSourcesBuildPhase;
			buildActionMask = 2147483647;
			files = (
				6C6C323925B950CF00337AC0 /* ViewController.swift in Sources */,
				6C6C324F25B9544900337AC0 /* DataController.swift in Sources */,
				6C6C325625B958DA00337AC0 /* ViewControllerAbout.swift in Sources */,
				6C6C323525B950CF00337AC0 /* AppDelegate.swift in Sources */,
				6C6C325225B958BF00337AC0 /* ViewControllerResult.swift in Sources */,
				6C6C323725B950CF00337AC0 /* SceneDelegate.swift in Sources */,
			);
			runOnlyForDeploymentPostprocessing = 0;
		};
/* End PBXSourcesBuildPhase section */

/* Begin PBXVariantGroup section */
		6C6C323A25B950CF00337AC0 /* Main.storyboard */ = {
			isa = PBXVariantGroup;
			children = (
				6C6C323B25B950CF00337AC0 /* Base */,
			);
			name = Main.storyboard;
			sourceTree = "<group>";
		};
		6C6C323F25B950D100337AC0 /* LaunchScreen.storyboard */ = {
			isa = PBXVariantGroup;
			children = (
				6C6C324025B950D100337AC0 /* Base */,
			);
			name = LaunchScreen.storyboard;
			sourceTree = "<group>";
		};
/* End PBXVariantGroup section */

/* Begin XCBuildConfiguration section */
		6C6C324325B950D100337AC0 /* Debug */ = {
			isa = XCBuildConfiguration;
			buildSettings = {
				ALWAYS_SEARCH_USER_PATHS = NO;
				CLANG_ANALYZER_NONNULL = YES;
				CLANG_ANALYZER_NUMBER_OBJECT_CONVERSION = YES_AGGRESSIVE;
				CLANG_CXX_LANGUAGE_STANDARD = "gnu++14";
				CLANG_CXX_LIBRARY = "libc++";
				CLANG_ENABLE_MODULES = YES;
				CLANG_ENABLE_OBJC_ARC = YES;
				CLANG_ENABLE_OBJC_WEAK = YES;
				CLANG_WARN_BLOCK_CAPTURE_AUTORELEASING = YES;
				CLANG_WARN_BOOL_CONVERSION = YES;
				CLANG_WARN_COMMA = YES;
				CLANG_WARN_CONSTANT_CONVERSION = YES;
				CLANG_WARN_DEPRECATED_OBJC_IMPLEMENTATIONS = YES;
				CLANG_WARN_DIRECT_OBJC_ISA_USAGE = YES_ERROR;
				CLANG_WARN_DOCUMENTATION_COMMENTS = YES;
				CLANG_WARN_EMPTY_BODY = YES;
				CLANG_WARN_ENUM_CONVERSION = YES;
				CLANG_WARN_INFINITE_RECURSION = YES;
				CLANG_WARN_INT_CONVERSION = YES;
				CLANG_WARN_NON_LITERAL_NULL_CONVERSION = YES;
				CLANG_WARN_OBJC_IMPLICIT_RETAIN_SELF = YES;
				CLANG_WARN_OBJC_LITERAL_CONVERSION = YES;
				CLANG_WARN_OBJC_ROOT_CLASS = YES_ERROR;
				CLANG_WARN_QUOTED_INCLUDE_IN_FRAMEWORK_HEADER = YES;
				CLANG_WARN_RANGE_LOOP_ANALYSIS = YES;
				CLANG_WARN_STRICT_PROTOTYPES = YES;
				CLANG_WARN_SUSPICIOUS_MOVE = YES;
				CLANG_WARN_UNGUARDED_AVAILABILITY = YES_AGGRESSIVE;
				CLANG_WARN_UNREACHABLE_CODE = YES;
				CLANG_WARN__DUPLICATE_METHOD_MATCH = YES;
				COPY_PHASE_STRIP = NO;
				DEBUG_INFORMATION_FORMAT = dwarf;
				ENABLE_STRICT_OBJC_MSGSEND = YES;
				ENABLE_TESTABILITY = YES;
				GCC_C_LANGUAGE_STANDARD = gnu11;
				GCC_DYNAMIC_NO_PIC = NO;
				GCC_NO_COMMON_BLOCKS = YES;
				GCC_OPTIMIZATION_LEVEL = 0;
				GCC_PREPROCESSOR_DEFINITIONS = (
					"DEBUG=1",
					"$(inherited)",
				);
				GCC_WARN_64_TO_32_BIT_CONVERSION = YES;
				GCC_WARN_ABOUT_RETURN_TYPE = YES_ERROR;
				GCC_WARN_UNDECLARED_SELECTOR = YES;
				GCC_WARN_UNINITIALIZED_AUTOS = YES_AGGRESSIVE;
				GCC_WARN_UNUSED_FUNCTION = YES;
				GCC_WARN_UNUSED_VARIABLE = YES;
				IPHONEOS_DEPLOYMENT_TARGET = 14.0;
				MTL_ENABLE_DEBUG_INFO = INCLUDE_SOURCE;
				MTL_FAST_MATH = YES;
				ONLY_ACTIVE_ARCH = YES;
				SDKROOT = iphoneos;
				SWIFT_ACTIVE_COMPILATION_CONDITIONS = DEBUG;
				SWIFT_OPTIMIZATION_LEVEL = "-Onone";
			};
			name = Debug;
		};
		6C6C324425B950D100337AC0 /* Release */ = {
			isa = XCBuildConfiguration;
			buildSettings = {
				ALWAYS_SEARCH_USER_PATHS = NO;
				CLANG_ANALYZER_NONNULL = YES;
				CLANG_ANALYZER_NUMBER_OBJECT_CONVERSION = YES_AGGRESSIVE;
				CLANG_CXX_LANGUAGE_STANDARD = "gnu++14";
				CLANG_CXX_LIBRARY = "libc++";
				CLANG_ENABLE_MODULES = YES;
				CLANG_ENABLE_OBJC_ARC = YES;
				CLANG_ENABLE_OBJC_WEAK = YES;
				CLANG_WARN_BLOCK_CAPTURE_AUTORELEASING = YES;
				CLANG_WARN_BOOL_CONVERSION = YES;
				CLANG_WARN_COMMA = YES;
				CLANG_WARN_CONSTANT_CONVERSION = YES;
				CLANG_WARN_DEPRECATED_OBJC_IMPLEMENTATIONS = YES;
				CLANG_WARN_DIRECT_OBJC_ISA_USAGE = YES_ERROR;
				CLANG_WARN_DOCUMENTATION_COMMENTS = YES;
				CLANG_WARN_EMPTY_BODY = YES;
				CLANG_WARN_ENUM_CONVERSION = YES;
				CLANG_WARN_INFINITE_RECURSION = YES;
				CLANG_WARN_INT_CONVERSION = YES;
				CLANG_WARN_NON_LITERAL_NULL_CONVERSION = YES;
				CLANG_WARN_OBJC_IMPLICIT_RETAIN_SELF = YES;
				CLANG_WARN_OBJC_LITERAL_CONVERSION = YES;
				CLANG_WARN_OBJC_ROOT_CLASS = YES_ERROR;
				CLANG_WARN_QUOTED_INCLUDE_IN_FRAMEWORK_HEADER = YES;
				CLANG_WARN_RANGE_LOOP_ANALYSIS = YES;
				CLANG_WARN_STRICT_PROTOTYPES = YES;
				CLANG_WARN_SUSPICIOUS_MOVE = YES;
				CLANG_WARN_UNGUARDED_AVAILABILITY = YES_AGGRESSIVE;
				CLANG_WARN_UNREACHABLE_CODE = YES;
				CLANG_WARN__DUPLICATE_METHOD_MATCH = YES;
				COPY_PHASE_STRIP = NO;
				DEBUG_INFORMATION_FORMAT = "dwarf-with-dsym";
				ENABLE_NS_ASSERTIONS = NO;
				ENABLE_STRICT_OBJC_MSGSEND = YES;
				GCC_C_LANGUAGE_STANDARD = gnu11;
				GCC_NO_COMMON_BLOCKS = YES;
				GCC_WARN_64_TO_32_BIT_CONVERSION = YES;
				GCC_WARN_ABOUT_RETURN_TYPE = YES_ERROR;
				GCC_WARN_UNDECLARED_SELECTOR = YES;
				GCC_WARN_UNINITIALIZED_AUTOS = YES_AGGRESSIVE;
				GCC_WARN_UNUSED_FUNCTION = YES;
				GCC_WARN_UNUSED_VARIABLE = YES;
				IPHONEOS_DEPLOYMENT_TARGET = 14.0;
				MTL_ENABLE_DEBUG_INFO = NO;
				MTL_FAST_MATH = YES;
				SDKROOT = iphoneos;
				SWIFT_COMPILATION_MODE = wholemodule;
				SWIFT_OPTIMIZATION_LEVEL = "-O";
				VALIDATE_PRODUCT = YES;
			};
			name = Release;
		};
		6C6C324625B950D100337AC0 /* Debug */ = {
			isa = XCBuildConfiguration;
			buildSettings = {
				ASSETCATALOG_COMPILER_APPICON_NAME = AppIcon;
				ASSETCATALOG_COMPILER_GLOBAL_ACCENT_COLOR_NAME = AccentColor;
				CODE_SIGN_STYLE = Automatic;
				DEVELOPMENT_TEAM = 4NW8BVU7Z5;
				INFOPLIST_FILE = ProblemStatement/Info.plist;
				LD_RUNPATH_SEARCH_PATHS = (
					"$(inherited)",
					"@executable_path/Frameworks",
				);
				PRODUCT_BUNDLE_IDENTIFIER = sg.edu.rp.19013345.ProblemStatement;
				PRODUCT_NAME = "$(TARGET_NAME)";
				SWIFT_VERSION = 5.0;
				SYSTEM_FRAMEWORK_SEARCH_PATHS = (
					"$(inherited)",
					"$(SDKROOT)$(SYSTEM_LIBRARY_DIR)/PrivateFrameworks",
				);
				TARGETED_DEVICE_FAMILY = "1,2";
			};
			name = Debug;
		};
		6C6C324725B950D100337AC0 /* Release */ = {
			isa = XCBuildConfiguration;
			buildSettings = {
				ASSETCATALOG_COMPILER_APPICON_NAME = AppIcon;
				ASSETCATALOG_COMPILER_GLOBAL_ACCENT_COLOR_NAME = AccentColor;
				CODE_SIGN_STYLE = Automatic;
				DEVELOPMENT_TEAM = 4NW8BVU7Z5;
				INFOPLIST_FILE = ProblemStatement/Info.plist;
				LD_RUNPATH_SEARCH_PATHS = (
					"$(inherited)",
					"@executable_path/Frameworks",
				);
				PRODUCT_BUNDLE_IDENTIFIER = sg.edu.rp.19013345.ProblemStatement;
				PRODUCT_NAME = "$(TARGET_NAME)";
				SWIFT_VERSION = 5.0;
				SYSTEM_FRAMEWORK_SEARCH_PATHS = (
					"$(inherited)",
					"$(SDKROOT)$(SYSTEM_LIBRARY_DIR)/PrivateFrameworks",
				);
				TARGETED_DEVICE_FAMILY = "1,2";
			};
			name = Release;
		};
/* End XCBuildConfiguration section */

/* Begin XCConfigurationList section */
		6C6C322C25B950CF00337AC0 /* Build configuration list for PBXProject "ProblemStatement" */ = {
			isa = XCConfigurationList;
			buildConfigurations = (
				6C6C324325B950D100337AC0 /* Debug */,
				6C6C324425B950D100337AC0 /* Release */,
			);
			defaultConfigurationIsVisible = 0;
			defaultConfigurationName = Release;
		};
		6C6C324525B950D100337AC0 /* Build configuration list for PBXNativeTarget "ProblemStatement" */ = {
			isa = XCConfigurationList;
			buildConfigurations = (
				6C6C324625B950D100337AC0 /* Debug */,
				6C6C324725B950D100337AC0 /* Release */,
			);
			defaultConfigurationIsVisible = 0;
			defaultConfigurationName = Release;
		};
/* End XCConfigurationList section */
	};
	rootObject = 6C6C322925B950CF00337AC0 /* Project object */;
}
