// !$*UTF8*$!
{
	archiveVersion = 1;
	classes = {
	};
	objectVersion = 50;
	objects = {

/* Begin PBXBuildFile section */
		6C79F0FA25AFF7B600B3073D /* AppDelegate.swift in Sources */ = {isa = PBXBuildFile; fileRef = 6C79F0F925AFF7B600B3073D /* AppDelegate.swift */; };
		6C79F0FC25AFF7B600B3073D /* SceneDelegate.swift in Sources */ = {isa = PBXBuildFile; fileRef = 6C79F0FB25AFF7B600B3073D /* SceneDelegate.swift */; };
		6C79F0FE25AFF7B600B3073D /* ViewController.swift in Sources */ = {isa = PBXBuildFile; fileRef = 6C79F0FD25AFF7B600B3073D /* ViewController.swift */; };
		6C79F10125AFF7B600B3073D /* Main.storyboard in Resources */ = {isa = PBXBuildFile; fileRef = 6C79F0FF25AFF7B600B3073D /* Main.storyboard */; };
		6C79F10325AFF7B800B3073D /* Assets.xcassets in Resources */ = {isa = PBXBuildFile; fileRef = 6C79F10225AFF7B800B3073D /* Assets.xcassets */; };
		6C79F10625AFF7B800B3073D /* LaunchScreen.storyboard in Resources */ = {isa = PBXBuildFile; fileRef = 6C79F10425AFF7B800B3073D /* LaunchScreen.storyboard */; };
		6C79F10F25AFF7C000B3073D /* ViewControllerA.swift in Sources */ = {isa = PBXBuildFile; fileRef = 6C79F10E25AFF7C000B3073D /* ViewControllerA.swift */; };
		6C79F11225AFF7C900B3073D /* ViewControllerB.swift in Sources */ = {isa = PBXBuildFile; fileRef = 6C79F11125AFF7C900B3073D /* ViewControllerB.swift */; };
/* End PBXBuildFile section */

/* Begin PBXFileReference section */
		6C79F0F625AFF7B600B3073D /* Exercise 2.app */ = {isa = PBXFileReference; explicitFileType = wrapper.application; includeInIndex = 0; path = "Exercise 2.app"; sourceTree = BUILT_PRODUCTS_DIR; };
		6C79F0F925AFF7B600B3073D /* AppDelegate.swift */ = {isa = PBXFileReference; lastKnownFileType = sourcecode.swift; path = AppDelegate.swift; sourceTree = "<group>"; };
		6C79F0FB25AFF7B600B3073D /* SceneDelegate.swift */ = {isa = PBXFileReference; lastKnownFileType = sourcecode.swift; path = SceneDelegate.swift; sourceTree = "<group>"; };
		6C79F0FD25AFF7B600B3073D /* ViewController.swift */ = {isa = PBXFileReference; lastKnownFileType = sourcecode.swift; path = ViewController.swift; sourceTree = "<group>"; };
		6C79F10025AFF7B600B3073D /* Base */ = {isa = PBXFileReference; lastKnownFileType = file.storyboard; name = Base; path = Base.lproj/Main.storyboard; sourceTree = "<group>"; };
		6C79F10225AFF7B800B3073D /* Assets.xcassets */ = {isa = PBXFileReference; lastKnownFileType = folder.assetcatalog; path = Assets.xcassets; sourceTree = "<group>"; };
		6C79F10525AFF7B800B3073D /* Base */ = {isa = PBXFileReference; lastKnownFileType = file.storyboard; name = Base; path = Base.lproj/LaunchScreen.storyboard; sourceTree = "<group>"; };
		6C79F10725AFF7B800B3073D /* Info.plist */ = {isa = PBXFileReference; lastKnownFileType = text.plist.xml; path = Info.plist; sourceTree = "<group>"; };
		6C79F10E25AFF7C000B3073D /* ViewControllerA.swift */ = {isa = PBXFileReference; lastKnownFileType = sourcecode.swift; path = ViewControllerA.swift; sourceTree = "<group>"; };
		6C79F11125AFF7C900B3073D /* ViewControllerB.swift */ = {isa = PBXFileReference; lastKnownFileType = sourcecode.swift; path = ViewControllerB.swift; sourceTree = "<group>"; };
/* End PBXFileReference section */

/* Begin PBXFrameworksBuildPhase section */
		6C79F0F325AFF7B600B3073D /* Frameworks */ = {
			isa = PBXFrameworksBuildPhase;
			buildActionMask = 2147483647;
			files = (
			);
			runOnlyForDeploymentPostprocessing = 0;
		};
/* End PBXFrameworksBuildPhase section */

/* Begin PBXGroup section */
		6C79F0ED25AFF7B600B3073D = {
			isa = PBXGroup;
			children = (
				6C79F0F825AFF7B600B3073D /* Exercise 2 */,
				6C79F0F725AFF7B600B3073D /* Products */,
			);
			sourceTree = "<group>";
		};
		6C79F0F725AFF7B600B3073D /* Products */ = {
			isa = PBXGroup;
			children = (
				6C79F0F625AFF7B600B3073D /* Exercise 2.app */,
			);
			name = Products;
			sourceTree = "<group>";
		};
		6C79F0F825AFF7B600B3073D /* Exercise 2 */ = {
			isa = PBXGroup;
			children = (
				6C79F0F925AFF7B600B3073D /* AppDelegate.swift */,
				6C79F0FB25AFF7B600B3073D /* SceneDelegate.swift */,
				6C79F0FD25AFF7B600B3073D /* ViewController.swift */,
				6C79F0FF25AFF7B600B3073D /* Main.storyboard */,
				6C79F10225AFF7B800B3073D /* Assets.xcassets */,
				6C79F10425AFF7B800B3073D /* LaunchScreen.storyboard */,
				6C79F10725AFF7B800B3073D /* Info.plist */,
				6C79F10E25AFF7C000B3073D /* ViewControllerA.swift */,
				6C79F11125AFF7C900B3073D /* ViewControllerB.swift */,
			);
			path = "Exercise 2";
			sourceTree = "<group>";
		};
/* End PBXGroup section */

/* Begin PBXNativeTarget section */
		6C79F0F525AFF7B600B3073D /* Exercise 2 */ = {
			isa = PBXNativeTarget;
			buildConfigurationList = 6C79F10A25AFF7B800B3073D /* Build configuration list for PBXNativeTarget "Exercise 2" */;
			buildPhases = (
				6C79F0F225AFF7B600B3073D /* Sources */,
				6C79F0F325AFF7B600B3073D /* Frameworks */,
				6C79F0F425AFF7B600B3073D /* Resources */,
			);
			buildRules = (
			);
			dependencies = (
			);
			name = "Exercise 2";
			productName = "Exercise 2";
			productReference = 6C79F0F625AFF7B600B3073D /* Exercise 2.app */;
			productType = "com.apple.product-type.application";
		};
/* End PBXNativeTarget section */

/* Begin PBXProject section */
		6C79F0EE25AFF7B600B3073D /* Project object */ = {
			isa = PBXProject;
			attributes = {
				LastSwiftUpdateCheck = 1200;
				LastUpgradeCheck = 1200;
				TargetAttributes = {
					6C79F0F525AFF7B600B3073D = {
						CreatedOnToolsVersion = 12.0;
					};
				};
			};
			buildConfigurationList = 6C79F0F125AFF7B600B3073D /* Build configuration list for PBXProject "Exercise 2" */;
			compatibilityVersion = "Xcode 9.3";
			developmentRegion = en;
			hasScannedForEncodings = 0;
			knownRegions = (
				en,
				Base,
			);
			mainGroup = 6C79F0ED25AFF7B600B3073D;
			productRefGroup = 6C79F0F725AFF7B600B3073D /* Products */;
			projectDirPath = "";
			projectRoot = "";
			targets = (
				6C79F0F525AFF7B600B3073D /* Exercise 2 */,
			);
		};
/* End PBXProject section */

/* Begin PBXResourcesBuildPhase section */
		6C79F0F425AFF7B600B3073D /* Resources */ = {
			isa = PBXResourcesBuildPhase;
			buildActionMask = 2147483647;
			files = (
				6C79F10625AFF7B800B3073D /* LaunchScreen.storyboard in Resources */,
				6C79F10325AFF7B800B3073D /* Assets.xcassets in Resources */,
				6C79F10125AFF7B600B3073D /* Main.storyboard in Resources */,
			);
			runOnlyForDeploymentPostprocessing = 0;
		};
/* End PBXResourcesBuildPhase section */

/* Begin PBXSourcesBuildPhase section */
		6C79F0F225AFF7B600B3073D /* Sources */ = {
			isa = PBXSourcesBuildPhase;
			buildActionMask = 2147483647;
			files = (
				6C79F10F25AFF7C000B3073D /* ViewControllerA.swift in Sources */,
				6C79F0FE25AFF7B600B3073D /* ViewController.swift in Sources */,
				6C79F11225AFF7C900B3073D /* ViewControllerB.swift in Sources */,
				6C79F0FA25AFF7B600B3073D /* AppDelegate.swift in Sources */,
				6C79F0FC25AFF7B600B3073D /* SceneDelegate.swift in Sources */,
			);
			runOnlyForDeploymentPostprocessing = 0;
		};
/* End PBXSourcesBuildPhase section */

/* Begin PBXVariantGroup section */
		6C79F0FF25AFF7B600B3073D /* Main.storyboard */ = {
			isa = PBXVariantGroup;
			children = (
				6C79F10025AFF7B600B3073D /* Base */,
			);
			name = Main.storyboard;
			sourceTree = "<group>";
		};
		6C79F10425AFF7B800B3073D /* LaunchScreen.storyboard */ = {
			isa = PBXVariantGroup;
			children = (
				6C79F10525AFF7B800B3073D /* Base */,
			);
			name = LaunchScreen.storyboard;
			sourceTree = "<group>";
		};
/* End PBXVariantGroup section */

/* Begin XCBuildConfiguration section */
		6C79F10825AFF7B800B3073D /* Debug */ = {
			isa = XCBuildConfiguration;
			buildSettings = {
				ALWAYS_SEARCH_USER_PATHS = NO;
				CLANG_ANALYZER_NONNULL = YES;
				CLANG_ANALYZER_NUMBER_OBJECT_CONVERSION = YES_AGGRESSIVE;
				CLANG_CXX_LANGUAGE_STANDARD = "gnu++14";
				CLANG_CXX_LIBRARY = "libc++";
				CLANG_ENABLE_MODULES = YES;
				CLANG_ENABLE_OBJC_ARC = YES;
				CLANG_ENABLE_OBJC_WEAK = YES;
				CLANG_WARN_BLOCK_CAPTURE_AUTORELEASING = YES;
				CLANG_WARN_BOOL_CONVERSION = YES;
				CLANG_WARN_COMMA = YES;
				CLANG_WARN_CONSTANT_CONVERSION = YES;
				CLANG_WARN_DEPRECATED_OBJC_IMPLEMENTATIONS = YES;
				CLANG_WARN_DIRECT_OBJC_ISA_USAGE = YES_ERROR;
				CLANG_WARN_DOCUMENTATION_COMMENTS = YES;
				CLANG_WARN_EMPTY_BODY = YES;
				CLANG_WARN_ENUM_CONVERSION = YES;
				CLANG_WARN_INFINITE_RECURSION = YES;
				CLANG_WARN_INT_CONVERSION = YES;
				CLANG_WARN_NON_LITERAL_NULL_CONVERSION = YES;
				CLANG_WARN_OBJC_IMPLICIT_RETAIN_SELF = YES;
				CLANG_WARN_OBJC_LITERAL_CONVERSION = YES;
				CLANG_WARN_OBJC_ROOT_CLASS = YES_ERROR;
				CLANG_WARN_QUOTED_INCLUDE_IN_FRAMEWORK_HEADER = YES;
				CLANG_WARN_RANGE_LOOP_ANALYSIS = YES;
				CLANG_WARN_STRICT_PROTOTYPES = YES;
				CLANG_WARN_SUSPICIOUS_MOVE = YES;
				CLANG_WARN_UNGUARDED_AVAILABILITY = YES_AGGRESSIVE;
				CLANG_WARN_UNREACHABLE_CODE = YES;
				CLANG_WARN__DUPLICATE_METHOD_MATCH = YES;
				COPY_PHASE_STRIP = NO;
				DEBUG_INFORMATION_FORMAT = dwarf;
				ENABLE_STRICT_OBJC_MSGSEND = YES;
				ENABLE_TESTABILITY = YES;
				GCC_C_LANGUAGE_STANDARD = gnu11;
				GCC_DYNAMIC_NO_PIC = NO;
				GCC_NO_COMMON_BLOCKS = YES;
				GCC_OPTIMIZATION_LEVEL = 0;
				GCC_PREPROCESSOR_DEFINITIONS = (
					"DEBUG=1",
					"$(inherited)",
				);
				GCC_WARN_64_TO_32_BIT_CONVERSION = YES;
				GCC_WARN_ABOUT_RETURN_TYPE = YES_ERROR;
				GCC_WARN_UNDECLARED_SELECTOR = YES;
				GCC_WARN_UNINITIALIZED_AUTOS = YES_AGGRESSIVE;
				GCC_WARN_UNUSED_FUNCTION = YES;
				GCC_WARN_UNUSED_VARIABLE = YES;
				IPHONEOS_DEPLOYMENT_TARGET = 14.0;
				MTL_ENABLE_DEBUG_INFO = INCLUDE_SOURCE;
				MTL_FAST_MATH = YES;
				ONLY_ACTIVE_ARCH = YES;
				SDKROOT = iphoneos;
				SWIFT_ACTIVE_COMPILATION_CONDITIONS = DEBUG;
				SWIFT_OPTIMIZATION_LEVEL = "-Onone";
			};
			name = Debug;
		};
		6C79F10925AFF7B800B3073D /* Release */ = {
			isa = XCBuildConfiguration;
			buildSettings = {
				ALWAYS_SEARCH_USER_PATHS = NO;
				CLANG_ANALYZER_NONNULL = YES;
				CLANG_ANALYZER_NUMBER_OBJECT_CONVERSION = YES_AGGRESSIVE;
				CLANG_CXX_LANGUAGE_STANDARD = "gnu++14";
				CLANG_CXX_LIBRARY = "libc++";
				CLANG_ENABLE_MODULES = YES;
				CLANG_ENABLE_OBJC_ARC = YES;
				CLANG_ENABLE_OBJC_WEAK = YES;
				CLANG_WARN_BLOCK_CAPTURE_AUTORELEASING = YES;
				CLANG_WARN_BOOL_CONVERSION = YES;
				CLANG_WARN_COMMA = YES;
				CLANG_WARN_CONSTANT_CONVERSION = YES;
				CLANG_WARN_DEPRECATED_OBJC_IMPLEMENTATIONS = YES;
				CLANG_WARN_DIRECT_OBJC_ISA_USAGE = YES_ERROR;
				CLANG_WARN_DOCUMENTATION_COMMENTS = YES;
				CLANG_WARN_EMPTY_BODY = YES;
				CLANG_WARN_ENUM_CONVERSION = YES;
				CLANG_WARN_INFINITE_RECURSION = YES;
				CLANG_WARN_INT_CONVERSION = YES;
				CLANG_WARN_NON_LITERAL_NULL_CONVERSION = YES;
				CLANG_WARN_OBJC_IMPLICIT_RETAIN_SELF = YES;
				CLANG_WARN_OBJC_LITERAL_CONVERSION = YES;
				CLANG_WARN_OBJC_ROOT_CLASS = YES_ERROR;
				CLANG_WARN_QUOTED_INCLUDE_IN_FRAMEWORK_HEADER = YES;
				CLANG_WARN_RANGE_LOOP_ANALYSIS = YES;
				CLANG_WARN_STRICT_PROTOTYPES = YES;
				CLANG_WARN_SUSPICIOUS_MOVE = YES;
				CLANG_WARN_UNGUARDED_AVAILABILITY = YES_AGGRESSIVE;
				CLANG_WARN_UNREACHABLE_CODE = YES;
				CLANG_WARN__DUPLICATE_METHOD_MATCH = YES;
				COPY_PHASE_STRIP = NO;
				DEBUG_INFORMATION_FORMAT = "dwarf-with-dsym";
				ENABLE_NS_ASSERTIONS = NO;
				ENABLE_STRICT_OBJC_MSGSEND = YES;
				GCC_C_LANGUAGE_STANDARD = gnu11;
				GCC_NO_COMMON_BLOCKS = YES;
				GCC_WARN_64_TO_32_BIT_CONVERSION = YES;
				GCC_WARN_ABOUT_RETURN_TYPE = YES_ERROR;
				GCC_WARN_UNDECLARED_SELECTOR = YES;
				GCC_WARN_UNINITIALIZED_AUTOS = YES_AGGRESSIVE;
				GCC_WARN_UNUSED_FUNCTION = YES;
				GCC_WARN_UNUSED_VARIABLE = YES;
				IPHONEOS_DEPLOYMENT_TARGET = 14.0;
				MTL_ENABLE_DEBUG_INFO = NO;
				MTL_FAST_MATH = YES;
				SDKROOT = iphoneos;
				SWIFT_COMPILATION_MODE = wholemodule;
				SWIFT_OPTIMIZATION_LEVEL = "-O";
				VALIDATE_PRODUCT = YES;
			};
			name = Release;
		};
		6C79F10B25AFF7B800B3073D /* Debug */ = {
			isa = XCBuildConfiguration;
			buildSettings = {
				ASSETCATALOG_COMPILER_APPICON_NAME = AppIcon;
				ASSETCATALOG_COMPILER_GLOBAL_ACCENT_COLOR_NAME = AccentColor;
				CODE_SIGN_STYLE = Automatic;
				DEVELOPMENT_TEAM = 4NW8BVU7Z5;
				INFOPLIST_FILE = "Exercise 2/Info.plist";
				LD_RUNPATH_SEARCH_PATHS = (
					"$(inherited)",
					"@executable_path/Frameworks",
				);
				PRODUCT_BUNDLE_IDENTIFIER = "sg.edu.rp.19013345.Exercise-2";
				PRODUCT_NAME = "$(TARGET_NAME)";
				SWIFT_VERSION = 5.0;
				TARGETED_DEVICE_FAMILY = "1,2";
			};
			name = Debug;
		};
		6C79F10C25AFF7B800B3073D /* Release */ = {
			isa = XCBuildConfiguration;
			buildSettings = {
				ASSETCATALOG_COMPILER_APPICON_NAME = AppIcon;
				ASSETCATALOG_COMPILER_GLOBAL_ACCENT_COLOR_NAME = AccentColor;
				CODE_SIGN_STYLE = Automatic;
				DEVELOPMENT_TEAM = 4NW8BVU7Z5;
				INFOPLIST_FILE = "Exercise 2/Info.plist";
				LD_RUNPATH_SEARCH_PATHS = (
					"$(inherited)",
					"@executable_path/Frameworks",
				);
				PRODUCT_BUNDLE_IDENTIFIER = "sg.edu.rp.19013345.Exercise-2";
				PRODUCT_NAME = "$(TARGET_NAME)";
				SWIFT_VERSION = 5.0;
				TARGETED_DEVICE_FAMILY = "1,2";
			};
			name = Release;
		};
/* End XCBuildConfiguration section */

/* Begin XCConfigurationList section */
		6C79F0F125AFF7B600B3073D /* Build configuration list for PBXProject "Exercise 2" */ = {
			isa = XCConfigurationList;
			buildConfigurations = (
				6C79F10825AFF7B800B3073D /* Debug */,
				6C79F10925AFF7B800B3073D /* Release */,
			);
			defaultConfigurationIsVisible = 0;
			defaultConfigurationName = Release;
		};
		6C79F10A25AFF7B800B3073D /* Build configuration list for PBXNativeTarget "Exercise 2" */ = {
			isa = XCConfigurationList;
			buildConfigurations = (
				6C79F10B25AFF7B800B3073D /* Debug */,
				6C79F10C25AFF7B800B3073D /* Release */,
			);
			defaultConfigurationIsVisible = 0;
			defaultConfigurationName = Release;
		};
/* End XCConfigurationList section */
	};
	rootObject = 6C79F0EE25AFF7B600B3073D /* Project object */;
}
