// !$*UTF8*$!
{
	archiveVersion = 1;
	classes = {
	};
	objectVersion = 50;
	objects = {

/* Begin PBXBuildFile section */
		6C7378F4254142FB002A1896 /* AppDelegate.swift in Sources */ = {isa = PBXBuildFile; fileRef = 6C7378F3254142FB002A1896 /* AppDelegate.swift */; };
		6C7378F6254142FB002A1896 /* SceneDelegate.swift in Sources */ = {isa = PBXBuildFile; fileRef = 6C7378F5254142FB002A1896 /* SceneDelegate.swift */; };
		6C7378F8254142FB002A1896 /* ViewController.swift in Sources */ = {isa = PBXBuildFile; fileRef = 6C7378F7254142FB002A1896 /* ViewController.swift */; };
		6C7378FB254142FB002A1896 /* Main.storyboard in Resources */ = {isa = PBXBuildFile; fileRef = 6C7378F9254142FB002A1896 /* Main.storyboard */; };
		6C7378FD254142FC002A1896 /* Assets.xcassets in Resources */ = {isa = PBXBuildFile; fileRef = 6C7378FC254142FC002A1896 /* Assets.xcassets */; };
		6C737900254142FC002A1896 /* LaunchScreen.storyboard in Resources */ = {isa = PBXBuildFile; fileRef = 6C7378FE254142FC002A1896 /* LaunchScreen.storyboard */; };
		6C73790B254142FD002A1896 /* HelloworldTests.swift in Sources */ = {isa = PBXBuildFile; fileRef = 6C73790A254142FD002A1896 /* HelloworldTests.swift */; };
		6C737916254142FD002A1896 /* HelloworldUITests.swift in Sources */ = {isa = PBXBuildFile; fileRef = 6C737915254142FD002A1896 /* HelloworldUITests.swift */; };
/* End PBXBuildFile section */

/* Begin PBXContainerItemProxy section */
		6C737907254142FD002A1896 /* PBXContainerItemProxy */ = {
			isa = PBXContainerItemProxy;
			containerPortal = 6C7378E8254142FB002A1896 /* Project object */;
			proxyType = 1;
			remoteGlobalIDString = 6C7378EF254142FB002A1896;
			remoteInfo = Helloworld;
		};
		6C737912254142FD002A1896 /* PBXContainerItemProxy */ = {
			isa = PBXContainerItemProxy;
			containerPortal = 6C7378E8254142FB002A1896 /* Project object */;
			proxyType = 1;
			remoteGlobalIDString = 6C7378EF254142FB002A1896;
			remoteInfo = Helloworld;
		};
/* End PBXContainerItemProxy section */

/* Begin PBXFileReference section */
		6C7378F0254142FB002A1896 /* Helloworld.app */ = {isa = PBXFileReference; explicitFileType = wrapper.application; includeInIndex = 0; path = Helloworld.app; sourceTree = BUILT_PRODUCTS_DIR; };
		6C7378F3254142FB002A1896 /* AppDelegate.swift */ = {isa = PBXFileReference; lastKnownFileType = sourcecode.swift; path = AppDelegate.swift; sourceTree = "<group>"; };
		6C7378F5254142FB002A1896 /* SceneDelegate.swift */ = {isa = PBXFileReference; lastKnownFileType = sourcecode.swift; path = SceneDelegate.swift; sourceTree = "<group>"; };
		6C7378F7254142FB002A1896 /* ViewController.swift */ = {isa = PBXFileReference; lastKnownFileType = sourcecode.swift; path = ViewController.swift; sourceTree = "<group>"; };
		6C7378FA254142FB002A1896 /* Base */ = {isa = PBXFileReference; lastKnownFileType = file.storyboard; name = Base; path = Base.lproj/Main.storyboard; sourceTree = "<group>"; };
		6C7378FC254142FC002A1896 /* Assets.xcassets */ = {isa = PBXFileReference; lastKnownFileType = folder.assetcatalog; path = Assets.xcassets; sourceTree = "<group>"; };
		6C7378FF254142FC002A1896 /* Base */ = {isa = PBXFileReference; lastKnownFileType = file.storyboard; name = Base; path = Base.lproj/LaunchScreen.storyboard; sourceTree = "<group>"; };
		6C737901254142FC002A1896 /* Info.plist */ = {isa = PBXFileReference; lastKnownFileType = text.plist.xml; path = Info.plist; sourceTree = "<group>"; };
		6C737906254142FD002A1896 /* HelloworldTests.xctest */ = {isa = PBXFileReference; explicitFileType = wrapper.cfbundle; includeInIndex = 0; path = HelloworldTests.xctest; sourceTree = BUILT_PRODUCTS_DIR; };
		6C73790A254142FD002A1896 /* HelloworldTests.swift */ = {isa = PBXFileReference; lastKnownFileType = sourcecode.swift; path = HelloworldTests.swift; sourceTree = "<group>"; };
		6C73790C254142FD002A1896 /* Info.plist */ = {isa = PBXFileReference; lastKnownFileType = text.plist.xml; path = Info.plist; sourceTree = "<group>"; };
		6C737911254142FD002A1896 /* HelloworldUITests.xctest */ = {isa = PBXFileReference; explicitFileType = wrapper.cfbundle; includeInIndex = 0; path = HelloworldUITests.xctest; sourceTree = BUILT_PRODUCTS_DIR; };
		6C737915254142FD002A1896 /* HelloworldUITests.swift */ = {isa = PBXFileReference; lastKnownFileType = sourcecode.swift; path = HelloworldUITests.swift; sourceTree = "<group>"; };
		6C737917254142FD002A1896 /* Info.plist */ = {isa = PBXFileReference; lastKnownFileType = text.plist.xml; path = Info.plist; sourceTree = "<group>"; };
/* End PBXFileReference section */

/* Begin PBXFrameworksBuildPhase section */
		6C7378ED254142FB002A1896 /* Frameworks */ = {
			isa = PBXFrameworksBuildPhase;
			buildActionMask = 2147483647;
			files = (
			);
			runOnlyForDeploymentPostprocessing = 0;
		};
		6C737903254142FD002A1896 /* Frameworks */ = {
			isa = PBXFrameworksBuildPhase;
			buildActionMask = 2147483647;
			files = (
			);
			runOnlyForDeploymentPostprocessing = 0;
		};
		6C73790E254142FD002A1896 /* Frameworks */ = {
			isa = PBXFrameworksBuildPhase;
			buildActionMask = 2147483647;
			files = (
			);
			runOnlyForDeploymentPostprocessing = 0;
		};
/* End PBXFrameworksBuildPhase section */

/* Begin PBXGroup section */
		6C7378E7254142FB002A1896 = {
			isa = PBXGroup;
			children = (
				6C7378F2254142FB002A1896 /* Helloworld */,
				6C737909254142FD002A1896 /* HelloworldTests */,
				6C737914254142FD002A1896 /* HelloworldUITests */,
				6C7378F1254142FB002A1896 /* Products */,
			);
			sourceTree = "<group>";
		};
		6C7378F1254142FB002A1896 /* Products */ = {
			isa = PBXGroup;
			children = (
				6C7378F0254142FB002A1896 /* Helloworld.app */,
				6C737906254142FD002A1896 /* HelloworldTests.xctest */,
				6C737911254142FD002A1896 /* HelloworldUITests.xctest */,
			);
			name = Products;
			sourceTree = "<group>";
		};
		6C7378F2254142FB002A1896 /* Helloworld */ = {
			isa = PBXGroup;
			children = (
				6C7378F3254142FB002A1896 /* AppDelegate.swift */,
				6C7378F5254142FB002A1896 /* SceneDelegate.swift */,
				6C7378F7254142FB002A1896 /* ViewController.swift */,
				6C7378F9254142FB002A1896 /* Main.storyboard */,
				6C7378FC254142FC002A1896 /* Assets.xcassets */,
				6C7378FE254142FC002A1896 /* LaunchScreen.storyboard */,
				6C737901254142FC002A1896 /* Info.plist */,
			);
			path = Helloworld;
			sourceTree = "<group>";
		};
		6C737909254142FD002A1896 /* HelloworldTests */ = {
			isa = PBXGroup;
			children = (
				6C73790A254142FD002A1896 /* HelloworldTests.swift */,
				6C73790C254142FD002A1896 /* Info.plist */,
			);
			path = HelloworldTests;
			sourceTree = "<group>";
		};
		6C737914254142FD002A1896 /* HelloworldUITests */ = {
			isa = PBXGroup;
			children = (
				6C737915254142FD002A1896 /* HelloworldUITests.swift */,
				6C737917254142FD002A1896 /* Info.plist */,
			);
			path = HelloworldUITests;
			sourceTree = "<group>";
		};
/* End PBXGroup section */

/* Begin PBXNativeTarget section */
		6C7378EF254142FB002A1896 /* Helloworld */ = {
			isa = PBXNativeTarget;
			buildConfigurationList = 6C73791A254142FD002A1896 /* Build configuration list for PBXNativeTarget "Helloworld" */;
			buildPhases = (
				6C7378EC254142FB002A1896 /* Sources */,
				6C7378ED254142FB002A1896 /* Frameworks */,
				6C7378EE254142FB002A1896 /* Resources */,
			);
			buildRules = (
			);
			dependencies = (
			);
			name = Helloworld;
			productName = Helloworld;
			productReference = 6C7378F0254142FB002A1896 /* Helloworld.app */;
			productType = "com.apple.product-type.application";
		};
		6C737905254142FD002A1896 /* HelloworldTests */ = {
			isa = PBXNativeTarget;
			buildConfigurationList = 6C73791D254142FD002A1896 /* Build configuration list for PBXNativeTarget "HelloworldTests" */;
			buildPhases = (
				6C737902254142FD002A1896 /* Sources */,
				6C737903254142FD002A1896 /* Frameworks */,
				6C737904254142FD002A1896 /* Resources */,
			);
			buildRules = (
			);
			dependencies = (
				6C737908254142FD002A1896 /* PBXTargetDependency */,
			);
			name = HelloworldTests;
			productName = HelloworldTests;
			productReference = 6C737906254142FD002A1896 /* HelloworldTests.xctest */;
			productType = "com.apple.product-type.bundle.unit-test";
		};
		6C737910254142FD002A1896 /* HelloworldUITests */ = {
			isa = PBXNativeTarget;
			buildConfigurationList = 6C737920254142FD002A1896 /* Build configuration list for PBXNativeTarget "HelloworldUITests" */;
			buildPhases = (
				6C73790D254142FD002A1896 /* Sources */,
				6C73790E254142FD002A1896 /* Frameworks */,
				6C73790F254142FD002A1896 /* Resources */,
			);
			buildRules = (
			);
			dependencies = (
				6C737913254142FD002A1896 /* PBXTargetDependency */,
			);
			name = HelloworldUITests;
			productName = HelloworldUITests;
			productReference = 6C737911254142FD002A1896 /* HelloworldUITests.xctest */;
			productType = "com.apple.product-type.bundle.ui-testing";
		};
/* End PBXNativeTarget section */

/* Begin PBXProject section */
		6C7378E8254142FB002A1896 /* Project object */ = {
			isa = PBXProject;
			attributes = {
				LastSwiftUpdateCheck = 1200;
				LastUpgradeCheck = 1200;
				TargetAttributes = {
					6C7378EF254142FB002A1896 = {
						CreatedOnToolsVersion = 12.0;
					};
					6C737905254142FD002A1896 = {
						CreatedOnToolsVersion = 12.0;
						TestTargetID = 6C7378EF254142FB002A1896;
					};
					6C737910254142FD002A1896 = {
						CreatedOnToolsVersion = 12.0;
						TestTargetID = 6C7378EF254142FB002A1896;
					};
				};
			};
			buildConfigurationList = 6C7378EB254142FB002A1896 /* Build configuration list for PBXProject "Helloworld" */;
			compatibilityVersion = "Xcode 9.3";
			developmentRegion = en;
			hasScannedForEncodings = 0;
			knownRegions = (
				en,
				Base,
			);
			mainGroup = 6C7378E7254142FB002A1896;
			productRefGroup = 6C7378F1254142FB002A1896 /* Products */;
			projectDirPath = "";
			projectRoot = "";
			targets = (
				6C7378EF254142FB002A1896 /* Helloworld */,
				6C737905254142FD002A1896 /* HelloworldTests */,
				6C737910254142FD002A1896 /* HelloworldUITests */,
			);
		};
/* End PBXProject section */

/* Begin PBXResourcesBuildPhase section */
		6C7378EE254142FB002A1896 /* Resources */ = {
			isa = PBXResourcesBuildPhase;
			buildActionMask = 2147483647;
			files = (
				6C737900254142FC002A1896 /* LaunchScreen.storyboard in Resources */,
				6C7378FD254142FC002A1896 /* Assets.xcassets in Resources */,
				6C7378FB254142FB002A1896 /* Main.storyboard in Resources */,
			);
			runOnlyForDeploymentPostprocessing = 0;
		};
		6C737904254142FD002A1896 /* Resources */ = {
			isa = PBXResourcesBuildPhase;
			buildActionMask = 2147483647;
			files = (
			);
			runOnlyForDeploymentPostprocessing = 0;
		};
		6C73790F254142FD002A1896 /* Resources */ = {
			isa = PBXResourcesBuildPhase;
			buildActionMask = 2147483647;
			files = (
			);
			runOnlyForDeploymentPostprocessing = 0;
		};
/* End PBXResourcesBuildPhase section */

/* Begin PBXSourcesBuildPhase section */
		6C7378EC254142FB002A1896 /* Sources */ = {
			isa = PBXSourcesBuildPhase;
			buildActionMask = 2147483647;
			files = (
				6C7378F8254142FB002A1896 /* ViewController.swift in Sources */,
				6C7378F4254142FB002A1896 /* AppDelegate.swift in Sources */,
				6C7378F6254142FB002A1896 /* SceneDelegate.swift in Sources */,
			);
			runOnlyForDeploymentPostprocessing = 0;
		};
		6C737902254142FD002A1896 /* Sources */ = {
			isa = PBXSourcesBuildPhase;
			buildActionMask = 2147483647;
			files = (
				6C73790B254142FD002A1896 /* HelloworldTests.swift in Sources */,
			);
			runOnlyForDeploymentPostprocessing = 0;
		};
		6C73790D254142FD002A1896 /* Sources */ = {
			isa = PBXSourcesBuildPhase;
			buildActionMask = 2147483647;
			files = (
				6C737916254142FD002A1896 /* HelloworldUITests.swift in Sources */,
			);
			runOnlyForDeploymentPostprocessing = 0;
		};
/* End PBXSourcesBuildPhase section */

/* Begin PBXTargetDependency section */
		6C737908254142FD002A1896 /* PBXTargetDependency */ = {
			isa = PBXTargetDependency;
			target = 6C7378EF254142FB002A1896 /* Helloworld */;
			targetProxy = 6C737907254142FD002A1896 /* PBXContainerItemProxy */;
		};
		6C737913254142FD002A1896 /* PBXTargetDependency */ = {
			isa = PBXTargetDependency;
			target = 6C7378EF254142FB002A1896 /* Helloworld */;
			targetProxy = 6C737912254142FD002A1896 /* PBXContainerItemProxy */;
		};
/* End PBXTargetDependency section */

/* Begin PBXVariantGroup section */
		6C7378F9254142FB002A1896 /* Main.storyboard */ = {
			isa = PBXVariantGroup;
			children = (
				6C7378FA254142FB002A1896 /* Base */,
			);
			name = Main.storyboard;
			sourceTree = "<group>";
		};
		6C7378FE254142FC002A1896 /* LaunchScreen.storyboard */ = {
			isa = PBXVariantGroup;
			children = (
				6C7378FF254142FC002A1896 /* Base */,
			);
			name = LaunchScreen.storyboard;
			sourceTree = "<group>";
		};
/* End PBXVariantGroup section */

/* Begin XCBuildConfiguration section */
		6C737918254142FD002A1896 /* Debug */ = {
			isa = XCBuildConfiguration;
			buildSettings = {
				ALWAYS_SEARCH_USER_PATHS = NO;
				CLANG_ANALYZER_NONNULL = YES;
				CLANG_ANALYZER_NUMBER_OBJECT_CONVERSION = YES_AGGRESSIVE;
				CLANG_CXX_LANGUAGE_STANDARD = "gnu++14";
				CLANG_CXX_LIBRARY = "libc++";
				CLANG_ENABLE_MODULES = YES;
				CLANG_ENABLE_OBJC_ARC = YES;
				CLANG_ENABLE_OBJC_WEAK = YES;
				CLANG_WARN_BLOCK_CAPTURE_AUTORELEASING = YES;
				CLANG_WARN_BOOL_CONVERSION = YES;
				CLANG_WARN_COMMA = YES;
				CLANG_WARN_CONSTANT_CONVERSION = YES;
				CLANG_WARN_DEPRECATED_OBJC_IMPLEMENTATIONS = YES;
				CLANG_WARN_DIRECT_OBJC_ISA_USAGE = YES_ERROR;
				CLANG_WARN_DOCUMENTATION_COMMENTS = YES;
				CLANG_WARN_EMPTY_BODY = YES;
				CLANG_WARN_ENUM_CONVERSION = YES;
				CLANG_WARN_INFINITE_RECURSION = YES;
				CLANG_WARN_INT_CONVERSION = YES;
				CLANG_WARN_NON_LITERAL_NULL_CONVERSION = YES;
				CLANG_WARN_OBJC_IMPLICIT_RETAIN_SELF = YES;
				CLANG_WARN_OBJC_LITERAL_CONVERSION = YES;
				CLANG_WARN_OBJC_ROOT_CLASS = YES_ERROR;
				CLANG_WARN_QUOTED_INCLUDE_IN_FRAMEWORK_HEADER = YES;
				CLANG_WARN_RANGE_LOOP_ANALYSIS = YES;
				CLANG_WARN_STRICT_PROTOTYPES = YES;
				CLANG_WARN_SUSPICIOUS_MOVE = YES;
				CLANG_WARN_UNGUARDED_AVAILABILITY = YES_AGGRESSIVE;
				CLANG_WARN_UNREACHABLE_CODE = YES;
				CLANG_WARN__DUPLICATE_METHOD_MATCH = YES;
				COPY_PHASE_STRIP = NO;
				DEBUG_INFORMATION_FORMAT = dwarf;
				ENABLE_STRICT_OBJC_MSGSEND = YES;
				ENABLE_TESTABILITY = YES;
				GCC_C_LANGUAGE_STANDARD = gnu11;
				GCC_DYNAMIC_NO_PIC = NO;
				GCC_NO_COMMON_BLOCKS = YES;
				GCC_OPTIMIZATION_LEVEL = 0;
				GCC_PREPROCESSOR_DEFINITIONS = (
					"DEBUG=1",
					"$(inherited)",
				);
				GCC_WARN_64_TO_32_BIT_CONVERSION = YES;
				GCC_WARN_ABOUT_RETURN_TYPE = YES_ERROR;
				GCC_WARN_UNDECLARED_SELECTOR = YES;
				GCC_WARN_UNINITIALIZED_AUTOS = YES_AGGRESSIVE;
				GCC_WARN_UNUSED_FUNCTION = YES;
				GCC_WARN_UNUSED_VARIABLE = YES;
				IPHONEOS_DEPLOYMENT_TARGET = 14.0;
				MTL_ENABLE_DEBUG_INFO = INCLUDE_SOURCE;
				MTL_FAST_MATH = YES;
				ONLY_ACTIVE_ARCH = YES;
				SDKROOT = iphoneos;
				SWIFT_ACTIVE_COMPILATION_CONDITIONS = DEBUG;
				SWIFT_OPTIMIZATION_LEVEL = "-Onone";
			};
			name = Debug;
		};
		6C737919254142FD002A1896 /* Release */ = {
			isa = XCBuildConfiguration;
			buildSettings = {
				ALWAYS_SEARCH_USER_PATHS = NO;
				CLANG_ANALYZER_NONNULL = YES;
				CLANG_ANALYZER_NUMBER_OBJECT_CONVERSION = YES_AGGRESSIVE;
				CLANG_CXX_LANGUAGE_STANDARD = "gnu++14";
				CLANG_CXX_LIBRARY = "libc++";
				CLANG_ENABLE_MODULES = YES;
				CLANG_ENABLE_OBJC_ARC = YES;
				CLANG_ENABLE_OBJC_WEAK = YES;
				CLANG_WARN_BLOCK_CAPTURE_AUTORELEASING = YES;
				CLANG_WARN_BOOL_CONVERSION = YES;
				CLANG_WARN_COMMA = YES;
				CLANG_WARN_CONSTANT_CONVERSION = YES;
				CLANG_WARN_DEPRECATED_OBJC_IMPLEMENTATIONS = YES;
				CLANG_WARN_DIRECT_OBJC_ISA_USAGE = YES_ERROR;
				CLANG_WARN_DOCUMENTATION_COMMENTS = YES;
				CLANG_WARN_EMPTY_BODY = YES;
				CLANG_WARN_ENUM_CONVERSION = YES;
				CLANG_WARN_INFINITE_RECURSION = YES;
				CLANG_WARN_INT_CONVERSION = YES;
				CLANG_WARN_NON_LITERAL_NULL_CONVERSION = YES;
				CLANG_WARN_OBJC_IMPLICIT_RETAIN_SELF = YES;
				CLANG_WARN_OBJC_LITERAL_CONVERSION = YES;
				CLANG_WARN_OBJC_ROOT_CLASS = YES_ERROR;
				CLANG_WARN_QUOTED_INCLUDE_IN_FRAMEWORK_HEADER = YES;
				CLANG_WARN_RANGE_LOOP_ANALYSIS = YES;
				CLANG_WARN_STRICT_PROTOTYPES = YES;
				CLANG_WARN_SUSPICIOUS_MOVE = YES;
				CLANG_WARN_UNGUARDED_AVAILABILITY = YES_AGGRESSIVE;
				CLANG_WARN_UNREACHABLE_CODE = YES;
				CLANG_WARN__DUPLICATE_METHOD_MATCH = YES;
				COPY_PHASE_STRIP = NO;
				DEBUG_INFORMATION_FORMAT = "dwarf-with-dsym";
				ENABLE_NS_ASSERTIONS = NO;
				ENABLE_STRICT_OBJC_MSGSEND = YES;
				GCC_C_LANGUAGE_STANDARD = gnu11;
				GCC_NO_COMMON_BLOCKS = YES;
				GCC_WARN_64_TO_32_BIT_CONVERSION = YES;
				GCC_WARN_ABOUT_RETURN_TYPE = YES_ERROR;
				GCC_WARN_UNDECLARED_SELECTOR = YES;
				GCC_WARN_UNINITIALIZED_AUTOS = YES_AGGRESSIVE;
				GCC_WARN_UNUSED_FUNCTION = YES;
				GCC_WARN_UNUSED_VARIABLE = YES;
				IPHONEOS_DEPLOYMENT_TARGET = 14.0;
				MTL_ENABLE_DEBUG_INFO = NO;
				MTL_FAST_MATH = YES;
				SDKROOT = iphoneos;
				SWIFT_COMPILATION_MODE = wholemodule;
				SWIFT_OPTIMIZATION_LEVEL = "-O";
				VALIDATE_PRODUCT = YES;
			};
			name = Release;
		};
		6C73791B254142FD002A1896 /* Debug */ = {
			isa = XCBuildConfiguration;
			buildSettings = {
				ASSETCATALOG_COMPILER_APPICON_NAME = AppIcon;
				ASSETCATALOG_COMPILER_GLOBAL_ACCENT_COLOR_NAME = AccentColor;
				CODE_SIGN_STYLE = Automatic;
				INFOPLIST_FILE = Helloworld/Info.plist;
				LD_RUNPATH_SEARCH_PATHS = (
					"$(inherited)",
					"@executable_path/Frameworks",
				);
				PRODUCT_BUNDLE_IDENTIFIER = sg.edu.rp.19013345.Helloworld;
				PRODUCT_NAME = "$(TARGET_NAME)";
				SWIFT_VERSION = 5.0;
				TARGETED_DEVICE_FAMILY = "1,2";
			};
			name = Debug;
		};
		6C73791C254142FD002A1896 /* Release */ = {
			isa = XCBuildConfiguration;
			buildSettings = {
				ASSETCATALOG_COMPILER_APPICON_NAME = AppIcon;
				ASSETCATALOG_COMPILER_GLOBAL_ACCENT_COLOR_NAME = AccentColor;
				CODE_SIGN_STYLE = Automatic;
				INFOPLIST_FILE = Helloworld/Info.plist;
				LD_RUNPATH_SEARCH_PATHS = (
					"$(inherited)",
					"@executable_path/Frameworks",
				);
				PRODUCT_BUNDLE_IDENTIFIER = sg.edu.rp.19013345.Helloworld;
				PRODUCT_NAME = "$(TARGET_NAME)";
				SWIFT_VERSION = 5.0;
				TARGETED_DEVICE_FAMILY = "1,2";
			};
			name = Release;
		};
		6C73791E254142FD002A1896 /* Debug */ = {
			isa = XCBuildConfiguration;
			buildSettings = {
				ALWAYS_EMBED_SWIFT_STANDARD_LIBRARIES = YES;
				BUNDLE_LOADER = "$(TEST_HOST)";
				CODE_SIGN_STYLE = Automatic;
				INFOPLIST_FILE = HelloworldTests/Info.plist;
				IPHONEOS_DEPLOYMENT_TARGET = 14.0;
				LD_RUNPATH_SEARCH_PATHS = (
					"$(inherited)",
					"@executable_path/Frameworks",
					"@loader_path/Frameworks",
				);
				PRODUCT_BUNDLE_IDENTIFIER = sg.edu.rp.19013345.HelloworldTests;
				PRODUCT_NAME = "$(TARGET_NAME)";
				SWIFT_VERSION = 5.0;
				TARGETED_DEVICE_FAMILY = "1,2";
				TEST_HOST = "$(BUILT_PRODUCTS_DIR)/Helloworld.app/Helloworld";
			};
			name = Debug;
		};
		6C73791F254142FD002A1896 /* Release */ = {
			isa = XCBuildConfiguration;
			buildSettings = {
				ALWAYS_EMBED_SWIFT_STANDARD_LIBRARIES = YES;
				BUNDLE_LOADER = "$(TEST_HOST)";
				CODE_SIGN_STYLE = Automatic;
				INFOPLIST_FILE = HelloworldTests/Info.plist;
				IPHONEOS_DEPLOYMENT_TARGET = 14.0;
				LD_RUNPATH_SEARCH_PATHS = (
					"$(inherited)",
					"@executable_path/Frameworks",
					"@loader_path/Frameworks",
				);
				PRODUCT_BUNDLE_IDENTIFIER = sg.edu.rp.19013345.HelloworldTests;
				PRODUCT_NAME = "$(TARGET_NAME)";
				SWIFT_VERSION = 5.0;
				TARGETED_DEVICE_FAMILY = "1,2";
				TEST_HOST = "$(BUILT_PRODUCTS_DIR)/Helloworld.app/Helloworld";
			};
			name = Release;
		};
		6C737921254142FD002A1896 /* Debug */ = {
			isa = XCBuildConfiguration;
			buildSettings = {
				ALWAYS_EMBED_SWIFT_STANDARD_LIBRARIES = YES;
				CODE_SIGN_STYLE = Automatic;
				INFOPLIST_FILE = HelloworldUITests/Info.plist;
				LD_RUNPATH_SEARCH_PATHS = (
					"$(inherited)",
					"@executable_path/Frameworks",
					"@loader_path/Frameworks",
				);
				PRODUCT_BUNDLE_IDENTIFIER = sg.edu.rp.19013345.HelloworldUITests;
				PRODUCT_NAME = "$(TARGET_NAME)";
				SWIFT_VERSION = 5.0;
				TARGETED_DEVICE_FAMILY = "1,2";
				TEST_TARGET_NAME = Helloworld;
			};
			name = Debug;
		};
		6C737922254142FD002A1896 /* Release */ = {
			isa = XCBuildConfiguration;
			buildSettings = {
				ALWAYS_EMBED_SWIFT_STANDARD_LIBRARIES = YES;
				CODE_SIGN_STYLE = Automatic;
				INFOPLIST_FILE = HelloworldUITests/Info.plist;
				LD_RUNPATH_SEARCH_PATHS = (
					"$(inherited)",
					"@executable_path/Frameworks",
					"@loader_path/Frameworks",
				);
				PRODUCT_BUNDLE_IDENTIFIER = sg.edu.rp.19013345.HelloworldUITests;
				PRODUCT_NAME = "$(TARGET_NAME)";
				SWIFT_VERSION = 5.0;
				TARGETED_DEVICE_FAMILY = "1,2";
				TEST_TARGET_NAME = Helloworld;
			};
			name = Release;
		};
/* End XCBuildConfiguration section */

/* Begin XCConfigurationList section */
		6C7378EB254142FB002A1896 /* Build configuration list for PBXProject "Helloworld" */ = {
			isa = XCConfigurationList;
			buildConfigurations = (
				6C737918254142FD002A1896 /* Debug */,
				6C737919254142FD002A1896 /* Release */,
			);
			defaultConfigurationIsVisible = 0;
			defaultConfigurationName = Release;
		};
		6C73791A254142FD002A1896 /* Build configuration list for PBXNativeTarget "Helloworld" */ = {
			isa = XCConfigurationList;
			buildConfigurations = (
				6C73791B254142FD002A1896 /* Debug */,
				6C73791C254142FD002A1896 /* Release */,
			);
			defaultConfigurationIsVisible = 0;
			defaultConfigurationName = Release;
		};
		6C73791D254142FD002A1896 /* Build configuration list for PBXNativeTarget "HelloworldTests" */ = {
			isa = XCConfigurationList;
			buildConfigurations = (
				6C73791E254142FD002A1896 /* Debug */,
				6C73791F254142FD002A1896 /* Release */,
			);
			defaultConfigurationIsVisible = 0;
			defaultConfigurationName = Release;
		};
		6C737920254142FD002A1896 /* Build configuration list for PBXNativeTarget "HelloworldUITests" */ = {
			isa = XCConfigurationList;
			buildConfigurations = (
				6C737921254142FD002A1896 /* Debug */,
				6C737922254142FD002A1896 /* Release */,
			);
			defaultConfigurationIsVisible = 0;
			defaultConfigurationName = Release;
		};
/* End XCConfigurationList section */
	};
	rootObject = 6C7378E8254142FB002A1896 /* Project object */;
}
