// !$*UTF8*$!
{
	archiveVersion = 1;
	classes = {
	};
	objectVersion = 50;
	objects = {

/* Begin PBXBuildFile section */
		6C9082D825CBDA22004F904E /* AppDelegate.swift in Sources */ = {isa = PBXBuildFile; fileRef = 6C9082D725CBDA22004F904E /* AppDelegate.swift */; };
		6C9082DA25CBDA22004F904E /* SceneDelegate.swift in Sources */ = {isa = PBXBuildFile; fileRef = 6C9082D925CBDA22004F904E /* SceneDelegate.swift */; };
		6C9082DC25CBDA22004F904E /* ViewController.swift in Sources */ = {isa = PBXBuildFile; fileRef = 6C9082DB25CBDA22004F904E /* ViewController.swift */; };
		6C9082DF25CBDA22004F904E /* Main.storyboard in Resources */ = {isa = PBXBuildFile; fileRef = 6C9082DD25CBDA22004F904E /* Main.storyboard */; };
		6C9082E125CBDA23004F904E /* Assets.xcassets in Resources */ = {isa = PBXBuildFile; fileRef = 6C9082E025CBDA23004F904E /* Assets.xcassets */; };
		6C9082E425CBDA23004F904E /* LaunchScreen.storyboard in Resources */ = {isa = PBXBuildFile; fileRef = 6C9082E225CBDA23004F904E /* LaunchScreen.storyboard */; };
/* End PBXBuildFile section */

/* Begin PBXFileReference section */
		6C9082D425CBDA22004F904E /* Quiz12_19013345.app */ = {isa = PBXFileReference; explicitFileType = wrapper.application; includeInIndex = 0; path = Quiz12_19013345.app; sourceTree = BUILT_PRODUCTS_DIR; };
		6C9082D725CBDA22004F904E /* AppDelegate.swift */ = {isa = PBXFileReference; lastKnownFileType = sourcecode.swift; path = AppDelegate.swift; sourceTree = "<group>"; };
		6C9082D925CBDA22004F904E /* SceneDelegate.swift */ = {isa = PBXFileReference; lastKnownFileType = sourcecode.swift; path = SceneDelegate.swift; sourceTree = "<group>"; };
		6C9082DB25CBDA22004F904E /* ViewController.swift */ = {isa = PBXFileReference; lastKnownFileType = sourcecode.swift; path = ViewController.swift; sourceTree = "<group>"; };
		6C9082DE25CBDA22004F904E /* Base */ = {isa = PBXFileReference; lastKnownFileType = file.storyboard; name = Base; path = Base.lproj/Main.storyboard; sourceTree = "<group>"; };
		6C9082E025CBDA23004F904E /* Assets.xcassets */ = {isa = PBXFileReference; lastKnownFileType = folder.assetcatalog; path = Assets.xcassets; sourceTree = "<group>"; };
		6C9082E325CBDA23004F904E /* Base */ = {isa = PBXFileReference; lastKnownFileType = file.storyboard; name = Base; path = Base.lproj/LaunchScreen.storyboard; sourceTree = "<group>"; };
		6C9082E525CBDA23004F904E /* Info.plist */ = {isa = PBXFileReference; lastKnownFileType = text.plist.xml; path = Info.plist; sourceTree = "<group>"; };
/* End PBXFileReference section */

/* Begin PBXFrameworksBuildPhase section */
		6C9082D125CBDA22004F904E /* Frameworks */ = {
			isa = PBXFrameworksBuildPhase;
			buildActionMask = 2147483647;
			files = (
			);
			runOnlyForDeploymentPostprocessing = 0;
		};
/* End PBXFrameworksBuildPhase section */

/* Begin PBXGroup section */
		6C9082CB25CBDA22004F904E = {
			isa = PBXGroup;
			children = (
				6C9082D625CBDA22004F904E /* Quiz12_19013345 */,
				6C9082D525CBDA22004F904E /* Products */,
			);
			sourceTree = "<group>";
		};
		6C9082D525CBDA22004F904E /* Products */ = {
			isa = PBXGroup;
			children = (
				6C9082D425CBDA22004F904E /* Quiz12_19013345.app */,
			);
			name = Products;
			sourceTree = "<group>";
		};
		6C9082D625CBDA22004F904E /* Quiz12_19013345 */ = {
			isa = PBXGroup;
			children = (
				6C9082D725CBDA22004F904E /* AppDelegate.swift */,
				6C9082D925CBDA22004F904E /* SceneDelegate.swift */,
				6C9082DB25CBDA22004F904E /* ViewController.swift */,
				6C9082DD25CBDA22004F904E /* Main.storyboard */,
				6C9082E025CBDA23004F904E /* Assets.xcassets */,
				6C9082E225CBDA23004F904E /* LaunchScreen.storyboard */,
				6C9082E525CBDA23004F904E /* Info.plist */,
			);
			path = Quiz12_19013345;
			sourceTree = "<group>";
		};
/* End PBXGroup section */

/* Begin PBXNativeTarget section */
		6C9082D325CBDA22004F904E /* Quiz12_19013345 */ = {
			isa = PBXNativeTarget;
			buildConfigurationList = 6C9082E825CBDA23004F904E /* Build configuration list for PBXNativeTarget "Quiz12_19013345" */;
			buildPhases = (
				6C9082D025CBDA22004F904E /* Sources */,
				6C9082D125CBDA22004F904E /* Frameworks */,
				6C9082D225CBDA22004F904E /* Resources */,
			);
			buildRules = (
			);
			dependencies = (
			);
			name = Quiz12_19013345;
			productName = Quiz12_19013345;
			productReference = 6C9082D425CBDA22004F904E /* Quiz12_19013345.app */;
			productType = "com.apple.product-type.application";
		};
/* End PBXNativeTarget section */

/* Begin PBXProject section */
		6C9082CC25CBDA22004F904E /* Project object */ = {
			isa = PBXProject;
			attributes = {
				LastSwiftUpdateCheck = 1200;
				LastUpgradeCheck = 1200;
				TargetAttributes = {
					6C9082D325CBDA22004F904E = {
						CreatedOnToolsVersion = 12.0;
					};
				};
			};
			buildConfigurationList = 6C9082CF25CBDA22004F904E /* Build configuration list for PBXProject "Quiz12_19013345" */;
			compatibilityVersion = "Xcode 9.3";
			developmentRegion = en;
			hasScannedForEncodings = 0;
			knownRegions = (
				en,
				Base,
			);
			mainGroup = 6C9082CB25CBDA22004F904E;
			productRefGroup = 6C9082D525CBDA22004F904E /* Products */;
			projectDirPath = "";
			projectRoot = "";
			targets = (
				6C9082D325CBDA22004F904E /* Quiz12_19013345 */,
			);
		};
/* End PBXProject section */

/* Begin PBXResourcesBuildPhase section */
		6C9082D225CBDA22004F904E /* Resources */ = {
			isa = PBXResourcesBuildPhase;
			buildActionMask = 2147483647;
			files = (
				6C9082E425CBDA23004F904E /* LaunchScreen.storyboard in Resources */,
				6C9082E125CBDA23004F904E /* Assets.xcassets in Resources */,
				6C9082DF25CBDA22004F904E /* Main.storyboard in Resources */,
			);
			runOnlyForDeploymentPostprocessing = 0;
		};
/* End PBXResourcesBuildPhase section */

/* Begin PBXSourcesBuildPhase section */
		6C9082D025CBDA22004F904E /* Sources */ = {
			isa = PBXSourcesBuildPhase;
			buildActionMask = 2147483647;
			files = (
				6C9082DC25CBDA22004F904E /* ViewController.swift in Sources */,
				6C9082D825CBDA22004F904E /* AppDelegate.swift in Sources */,
				6C9082DA25CBDA22004F904E /* SceneDelegate.swift in Sources */,
			);
			runOnlyForDeploymentPostprocessing = 0;
		};
/* End PBXSourcesBuildPhase section */

/* Begin PBXVariantGroup section */
		6C9082DD25CBDA22004F904E /* Main.storyboard */ = {
			isa = PBXVariantGroup;
			children = (
				6C9082DE25CBDA22004F904E /* Base */,
			);
			name = Main.storyboard;
			sourceTree = "<group>";
		};
		6C9082E225CBDA23004F904E /* LaunchScreen.storyboard */ = {
			isa = PBXVariantGroup;
			children = (
				6C9082E325CBDA23004F904E /* Base */,
			);
			name = LaunchScreen.storyboard;
			sourceTree = "<group>";
		};
/* End PBXVariantGroup section */

/* Begin XCBuildConfiguration section */
		6C9082E625CBDA23004F904E /* Debug */ = {
			isa = XCBuildConfiguration;
			buildSettings = {
				ALWAYS_SEARCH_USER_PATHS = NO;
				CLANG_ANALYZER_NONNULL = YES;
				CLANG_ANALYZER_NUMBER_OBJECT_CONVERSION = YES_AGGRESSIVE;
				CLANG_CXX_LANGUAGE_STANDARD = "gnu++14";
				CLANG_CXX_LIBRARY = "libc++";
				CLANG_ENABLE_MODULES = YES;
				CLANG_ENABLE_OBJC_ARC = YES;
				CLANG_ENABLE_OBJC_WEAK = YES;
				CLANG_WARN_BLOCK_CAPTURE_AUTORELEASING = YES;
				CLANG_WARN_BOOL_CONVERSION = YES;
				CLANG_WARN_COMMA = YES;
				CLANG_WARN_CONSTANT_CONVERSION = YES;
				CLANG_WARN_DEPRECATED_OBJC_IMPLEMENTATIONS = YES;
				CLANG_WARN_DIRECT_OBJC_ISA_USAGE = YES_ERROR;
				CLANG_WARN_DOCUMENTATION_COMMENTS = YES;
				CLANG_WARN_EMPTY_BODY = YES;
				CLANG_WARN_ENUM_CONVERSION = YES;
				CLANG_WARN_INFINITE_RECURSION = YES;
				CLANG_WARN_INT_CONVERSION = YES;
				CLANG_WARN_NON_LITERAL_NULL_CONVERSION = YES;
				CLANG_WARN_OBJC_IMPLICIT_RETAIN_SELF = YES;
				CLANG_WARN_OBJC_LITERAL_CONVERSION = YES;
				CLANG_WARN_OBJC_ROOT_CLASS = YES_ERROR;
				CLANG_WARN_QUOTED_INCLUDE_IN_FRAMEWORK_HEADER = YES;
				CLANG_WARN_RANGE_LOOP_ANALYSIS = YES;
				CLANG_WARN_STRICT_PROTOTYPES = YES;
				CLANG_WARN_SUSPICIOUS_MOVE = YES;
				CLANG_WARN_UNGUARDED_AVAILABILITY = YES_AGGRESSIVE;
				CLANG_WARN_UNREACHABLE_CODE = YES;
				CLANG_WARN__DUPLICATE_METHOD_MATCH = YES;
				COPY_PHASE_STRIP = NO;
				DEBUG_INFORMATION_FORMAT = dwarf;
				ENABLE_STRICT_OBJC_MSGSEND = YES;
				ENABLE_TESTABILITY = YES;
				GCC_C_LANGUAGE_STANDARD = gnu11;
				GCC_DYNAMIC_NO_PIC = NO;
				GCC_NO_COMMON_BLOCKS = YES;
				GCC_OPTIMIZATION_LEVEL = 0;
				GCC_PREPROCESSOR_DEFINITIONS = (
					"DEBUG=1",
					"$(inherited)",
				);
				GCC_WARN_64_TO_32_BIT_CONVERSION = YES;
				GCC_WARN_ABOUT_RETURN_TYPE = YES_ERROR;
				GCC_WARN_UNDECLARED_SELECTOR = YES;
				GCC_WARN_UNINITIALIZED_AUTOS = YES_AGGRESSIVE;
				GCC_WARN_UNUSED_FUNCTION = YES;
				GCC_WARN_UNUSED_VARIABLE = YES;
				IPHONEOS_DEPLOYMENT_TARGET = 14.0;
				MTL_ENABLE_DEBUG_INFO = INCLUDE_SOURCE;
				MTL_FAST_MATH = YES;
				ONLY_ACTIVE_ARCH = YES;
				SDKROOT = iphoneos;
				SWIFT_ACTIVE_COMPILATION_CONDITIONS = DEBUG;
				SWIFT_OPTIMIZATION_LEVEL = "-Onone";
			};
			name = Debug;
		};
		6C9082E725CBDA23004F904E /* Release */ = {
			isa = XCBuildConfiguration;
			buildSettings = {
				ALWAYS_SEARCH_USER_PATHS = NO;
				CLANG_ANALYZER_NONNULL = YES;
				CLANG_ANALYZER_NUMBER_OBJECT_CONVERSION = YES_AGGRESSIVE;
				CLANG_CXX_LANGUAGE_STANDARD = "gnu++14";
				CLANG_CXX_LIBRARY = "libc++";
				CLANG_ENABLE_MODULES = YES;
				CLANG_ENABLE_OBJC_ARC = YES;
				CLANG_ENABLE_OBJC_WEAK = YES;
				CLANG_WARN_BLOCK_CAPTURE_AUTORELEASING = YES;
				CLANG_WARN_BOOL_CONVERSION = YES;
				CLANG_WARN_COMMA = YES;
				CLANG_WARN_CONSTANT_CONVERSION = YES;
				CLANG_WARN_DEPRECATED_OBJC_IMPLEMENTATIONS = YES;
				CLANG_WARN_DIRECT_OBJC_ISA_USAGE = YES_ERROR;
				CLANG_WARN_DOCUMENTATION_COMMENTS = YES;
				CLANG_WARN_EMPTY_BODY = YES;
				CLANG_WARN_ENUM_CONVERSION = YES;
				CLANG_WARN_INFINITE_RECURSION = YES;
				CLANG_WARN_INT_CONVERSION = YES;
				CLANG_WARN_NON_LITERAL_NULL_CONVERSION = YES;
				CLANG_WARN_OBJC_IMPLICIT_RETAIN_SELF = YES;
				CLANG_WARN_OBJC_LITERAL_CONVERSION = YES;
				CLANG_WARN_OBJC_ROOT_CLASS = YES_ERROR;
				CLANG_WARN_QUOTED_INCLUDE_IN_FRAMEWORK_HEADER = YES;
				CLANG_WARN_RANGE_LOOP_ANALYSIS = YES;
				CLANG_WARN_STRICT_PROTOTYPES = YES;
				CLANG_WARN_SUSPICIOUS_MOVE = YES;
				CLANG_WARN_UNGUARDED_AVAILABILITY = YES_AGGRESSIVE;
				CLANG_WARN_UNREACHABLE_CODE = YES;
				CLANG_WARN__DUPLICATE_METHOD_MATCH = YES;
				COPY_PHASE_STRIP = NO;
				DEBUG_INFORMATION_FORMAT = "dwarf-with-dsym";
				ENABLE_NS_ASSERTIONS = NO;
				ENABLE_STRICT_OBJC_MSGSEND = YES;
				GCC_C_LANGUAGE_STANDARD = gnu11;
				GCC_NO_COMMON_BLOCKS = YES;
				GCC_WARN_64_TO_32_BIT_CONVERSION = YES;
				GCC_WARN_ABOUT_RETURN_TYPE = YES_ERROR;
				GCC_WARN_UNDECLARED_SELECTOR = YES;
				GCC_WARN_UNINITIALIZED_AUTOS = YES_AGGRESSIVE;
				GCC_WARN_UNUSED_FUNCTION = YES;
				GCC_WARN_UNUSED_VARIABLE = YES;
				IPHONEOS_DEPLOYMENT_TARGET = 14.0;
				MTL_ENABLE_DEBUG_INFO = NO;
				MTL_FAST_MATH = YES;
				SDKROOT = iphoneos;
				SWIFT_COMPILATION_MODE = wholemodule;
				SWIFT_OPTIMIZATION_LEVEL = "-O";
				VALIDATE_PRODUCT = YES;
			};
			name = Release;
		};
		6C9082E925CBDA23004F904E /* Debug */ = {
			isa = XCBuildConfiguration;
			buildSettings = {
				ASSETCATALOG_COMPILER_APPICON_NAME = AppIcon;
				ASSETCATALOG_COMPILER_GLOBAL_ACCENT_COLOR_NAME = AccentColor;
				CODE_SIGN_STYLE = Automatic;
				INFOPLIST_FILE = Quiz12_19013345/Info.plist;
				LD_RUNPATH_SEARCH_PATHS = (
					"$(inherited)",
					"@executable_path/Frameworks",
				);
				PRODUCT_BUNDLE_IDENTIFIER = "sg.edu.rp.19013345.Quiz12-19013345";
				PRODUCT_NAME = "$(TARGET_NAME)";
				SWIFT_VERSION = 5.0;
				TARGETED_DEVICE_FAMILY = "1,2";
			};
			name = Debug;
		};
		6C9082EA25CBDA23004F904E /* Release */ = {
			isa = XCBuildConfiguration;
			buildSettings = {
				ASSETCATALOG_COMPILER_APPICON_NAME = AppIcon;
				ASSETCATALOG_COMPILER_GLOBAL_ACCENT_COLOR_NAME = AccentColor;
				CODE_SIGN_STYLE = Automatic;
				INFOPLIST_FILE = Quiz12_19013345/Info.plist;
				LD_RUNPATH_SEARCH_PATHS = (
					"$(inherited)",
					"@executable_path/Frameworks",
				);
				PRODUCT_BUNDLE_IDENTIFIER = "sg.edu.rp.19013345.Quiz12-19013345";
				PRODUCT_NAME = "$(TARGET_NAME)";
				SWIFT_VERSION = 5.0;
				TARGETED_DEVICE_FAMILY = "1,2";
			};
			name = Release;
		};
/* End XCBuildConfiguration section */

/* Begin XCConfigurationList section */
		6C9082CF25CBDA22004F904E /* Build configuration list for PBXProject "Quiz12_19013345" */ = {
			isa = XCConfigurationList;
			buildConfigurations = (
				6C9082E625CBDA23004F904E /* Debug */,
				6C9082E725CBDA23004F904E /* Release */,
			);
			defaultConfigurationIsVisible = 0;
			defaultConfigurationName = Release;
		};
		6C9082E825CBDA23004F904E /* Build configuration list for PBXNativeTarget "Quiz12_19013345" */ = {
			isa = XCConfigurationList;
			buildConfigurations = (
				6C9082E925CBDA23004F904E /* Debug */,
				6C9082EA25CBDA23004F904E /* Release */,
			);
			defaultConfigurationIsVisible = 0;
			defaultConfigurationName = Release;
		};
/* End XCConfigurationList section */
	};
	rootObject = 6C9082CC25CBDA22004F904E /* Project object */;
}
